// !$*UTF8*$!
{
	archiveVersion = 1;
	classes = {
	};
	objectVersion = 46;
	objects = {

/* Begin PBXAggregateTarget section */
		315D205F1CAFF51D00F7A4F8 /* FormValidationUniversal */ = {
			isa = PBXAggregateTarget;
			buildConfigurationList = 315D20601CAFF51D00F7A4F8 /* Build configuration list for PBXAggregateTarget "FormValidationUniversal" */;
			buildPhases = (
				315D20631CAFF52600F7A4F8 /* Run Script */,
			);
			dependencies = (
			);
			name = FormValidationUniversal;
			productName = FormValidationUniversal;
		};
/* End PBXAggregateTarget section */

/* Begin PBXBuildFile section */
		312299661CAD223800C40385 /* FormValidation.h in Headers */ = {isa = PBXBuildFile; fileRef = 312299651CAD223800C40385 /* FormValidation.h */; settings = {ATTRIBUTES = (Public, ); }; };
		3122996D1CAD223800C40385 /* FormValidation.framework in Frameworks */ = {isa = PBXBuildFile; fileRef = 312299621CAD223800C40385 /* FormValidation.framework */; };
		312299721CAD223800C40385 /* FormValidationTests.swift in Sources */ = {isa = PBXBuildFile; fileRef = 312299711CAD223800C40385 /* FormValidationTests.swift */; };
		3122997D1CAD265F00C40385 /* UITextField.swift in Sources */ = {isa = PBXBuildFile; fileRef = 3122997C1CAD265F00C40385 /* UITextField.swift */; };
		312299801CAD297900C40385 /* Validator.swift in Sources */ = {isa = PBXBuildFile; fileRef = 3122997F1CAD297900C40385 /* Validator.swift */; };
		312299831CAD2A0300C40385 /* Form.swift in Sources */ = {isa = PBXBuildFile; fileRef = 312299821CAD2A0300C40385 /* Form.swift */; };
		312299861CAD2A4500C40385 /* Alert.swift in Sources */ = {isa = PBXBuildFile; fileRef = 312299851CAD2A4500C40385 /* Alert.swift */; };
		3122998A1CAD32A400C40385 /* ValidatorTests.swift in Sources */ = {isa = PBXBuildFile; fileRef = 312299891CAD32A400C40385 /* ValidatorTests.swift */; };
/* End PBXBuildFile section */

/* Begin PBXContainerItemProxy section */
		3122996E1CAD223800C40385 /* PBXContainerItemProxy */ = {
			isa = PBXContainerItemProxy;
			containerPortal = 312299591CAD223800C40385 /* Project object */;
			proxyType = 1;
			remoteGlobalIDString = 312299611CAD223800C40385;
			remoteInfo = FormValidation;
		};
/* End PBXContainerItemProxy section */

/* Begin PBXFileReference section */
		312299621CAD223800C40385 /* FormValidation.framework */ = {isa = PBXFileReference; explicitFileType = wrapper.framework; includeInIndex = 0; path = FormValidation.framework; sourceTree = BUILT_PRODUCTS_DIR; };
		312299651CAD223800C40385 /* FormValidation.h */ = {isa = PBXFileReference; lastKnownFileType = sourcecode.c.h; path = FormValidation.h; sourceTree = "<group>"; };
		312299671CAD223800C40385 /* Info.plist */ = {isa = PBXFileReference; lastKnownFileType = text.plist.xml; path = Info.plist; sourceTree = "<group>"; };
		3122996C1CAD223800C40385 /* FormValidationTests.xctest */ = {isa = PBXFileReference; explicitFileType = wrapper.cfbundle; includeInIndex = 0; path = FormValidationTests.xctest; sourceTree = BUILT_PRODUCTS_DIR; };
		312299711CAD223800C40385 /* FormValidationTests.swift */ = {isa = PBXFileReference; lastKnownFileType = sourcecode.swift; path = FormValidationTests.swift; sourceTree = "<group>"; };
		312299731CAD223800C40385 /* Info.plist */ = {isa = PBXFileReference; lastKnownFileType = text.plist.xml; path = Info.plist; sourceTree = "<group>"; };
		3122997C1CAD265F00C40385 /* UITextField.swift */ = {isa = PBXFileReference; fileEncoding = 4; lastKnownFileType = sourcecode.swift; path = UITextField.swift; sourceTree = "<group>"; };
		3122997F1CAD297900C40385 /* Validator.swift */ = {isa = PBXFileReference; fileEncoding = 4; lastKnownFileType = sourcecode.swift; path = Validator.swift; sourceTree = "<group>"; };
		312299821CAD2A0300C40385 /* Form.swift */ = {isa = PBXFileReference; fileEncoding = 4; lastKnownFileType = sourcecode.swift; path = Form.swift; sourceTree = "<group>"; };
		312299851CAD2A4500C40385 /* Alert.swift */ = {isa = PBXFileReference; fileEncoding = 4; lastKnownFileType = sourcecode.swift; path = Alert.swift; sourceTree = "<group>"; };
		312299891CAD32A400C40385 /* ValidatorTests.swift */ = {isa = PBXFileReference; fileEncoding = 4; lastKnownFileType = sourcecode.swift; path = ValidatorTests.swift; sourceTree = "<group>"; };
/* End PBXFileReference section */

/* Begin PBXFrameworksBuildPhase section */
		3122995E1CAD223800C40385 /* Frameworks */ = {
			isa = PBXFrameworksBuildPhase;
			buildActionMask = 2147483647;
			files = (
			);
			runOnlyForDeploymentPostprocessing = 0;
		};
		312299691CAD223800C40385 /* Frameworks */ = {
			isa = PBXFrameworksBuildPhase;
			buildActionMask = 2147483647;
			files = (
				3122996D1CAD223800C40385 /* FormValidation.framework in Frameworks */,
			);
			runOnlyForDeploymentPostprocessing = 0;
		};
/* End PBXFrameworksBuildPhase section */

/* Begin PBXGroup section */
		312299581CAD223800C40385 = {
			isa = PBXGroup;
			children = (
				312299641CAD223800C40385 /* FormValidation */,
				312299701CAD223800C40385 /* FormValidationTests */,
				312299631CAD223800C40385 /* Products */,
			);
			sourceTree = "<group>";
		};
		312299631CAD223800C40385 /* Products */ = {
			isa = PBXGroup;
			children = (
				312299621CAD223800C40385 /* FormValidation.framework */,
				3122996C1CAD223800C40385 /* FormValidationTests.xctest */,
			);
			name = Products;
			sourceTree = "<group>";
		};
		312299641CAD223800C40385 /* FormValidation */ = {
			isa = PBXGroup;
			children = (
				312299651CAD223800C40385 /* FormValidation.h */,
				312299671CAD223800C40385 /* Info.plist */,
				312299851CAD2A4500C40385 /* Alert.swift */,
				312299821CAD2A0300C40385 /* Form.swift */,
				3122997C1CAD265F00C40385 /* UITextField.swift */,
				3122997F1CAD297900C40385 /* Validator.swift */,
			);
			path = FormValidation;
			sourceTree = "<group>";
		};
		312299701CAD223800C40385 /* FormValidationTests */ = {
			isa = PBXGroup;
			children = (
				312299731CAD223800C40385 /* Info.plist */,
				312299711CAD223800C40385 /* FormValidationTests.swift */,
				312299891CAD32A400C40385 /* ValidatorTests.swift */,
			);
			path = FormValidationTests;
			sourceTree = "<group>";
		};
/* End PBXGroup section */

/* Begin PBXHeadersBuildPhase section */
		3122995F1CAD223800C40385 /* Headers */ = {
			isa = PBXHeadersBuildPhase;
			buildActionMask = 2147483647;
			files = (
				312299661CAD223800C40385 /* FormValidation.h in Headers */,
			);
			runOnlyForDeploymentPostprocessing = 0;
		};
/* End PBXHeadersBuildPhase section */

/* Begin PBXNativeTarget section */
		312299611CAD223800C40385 /* FormValidation */ = {
			isa = PBXNativeTarget;
			buildConfigurationList = 312299761CAD223800C40385 /* Build configuration list for PBXNativeTarget "FormValidation" */;
			buildPhases = (
				3122995D1CAD223800C40385 /* Sources */,
				3122995E1CAD223800C40385 /* Frameworks */,
				3122995F1CAD223800C40385 /* Headers */,
				312299601CAD223800C40385 /* Resources */,
				315D205E1CAFC7D300F7A4F8 /* Swiftlint */,
			);
			buildRules = (
			);
			dependencies = (
			);
			name = FormValidation;
			productName = FormValidation;
			productReference = 312299621CAD223800C40385 /* FormValidation.framework */;
			productType = "com.apple.product-type.framework";
		};
		3122996B1CAD223800C40385 /* FormValidationTests */ = {
			isa = PBXNativeTarget;
			buildConfigurationList = 312299791CAD223800C40385 /* Build configuration list for PBXNativeTarget "FormValidationTests" */;
			buildPhases = (
				312299681CAD223800C40385 /* Sources */,
				312299691CAD223800C40385 /* Frameworks */,
				3122996A1CAD223800C40385 /* Resources */,
			);
			buildRules = (
			);
			dependencies = (
				3122996F1CAD223800C40385 /* PBXTargetDependency */,
			);
			name = FormValidationTests;
			productName = FormValidationTests;
			productReference = 3122996C1CAD223800C40385 /* FormValidationTests.xctest */;
			productType = "com.apple.product-type.bundle.unit-test";
		};
/* End PBXNativeTarget section */

/* Begin PBXProject section */
		312299591CAD223800C40385 /* Project object */ = {
			isa = PBXProject;
			attributes = {
				LastSwiftUpdateCheck = 0720;
				LastUpgradeCheck = 0720;
				ORGANIZATIONNAME = mani3;
				TargetAttributes = {
					312299611CAD223800C40385 = {
						CreatedOnToolsVersion = 7.2.1;
					};
					3122996B1CAD223800C40385 = {
						CreatedOnToolsVersion = 7.2.1;
					};
					315D205F1CAFF51D00F7A4F8 = {
						CreatedOnToolsVersion = 7.2.1;
					};
				};
			};
			buildConfigurationList = 3122995C1CAD223800C40385 /* Build configuration list for PBXProject "FormValidation" */;
			compatibilityVersion = "Xcode 3.2";
			developmentRegion = English;
			hasScannedForEncodings = 0;
			knownRegions = (
				en,
			);
			mainGroup = 312299581CAD223800C40385;
			productRefGroup = 312299631CAD223800C40385 /* Products */;
			projectDirPath = "";
			projectRoot = "";
			targets = (
				312299611CAD223800C40385 /* FormValidation */,
				3122996B1CAD223800C40385 /* FormValidationTests */,
				315D205F1CAFF51D00F7A4F8 /* FormValidationUniversal */,
			);
		};
/* End PBXProject section */

/* Begin PBXResourcesBuildPhase section */
		312299601CAD223800C40385 /* Resources */ = {
			isa = PBXResourcesBuildPhase;
			buildActionMask = 2147483647;
			files = (
			);
			runOnlyForDeploymentPostprocessing = 0;
		};
		3122996A1CAD223800C40385 /* Resources */ = {
			isa = PBXResourcesBuildPhase;
			buildActionMask = 2147483647;
			files = (
			);
			runOnlyForDeploymentPostprocessing = 0;
		};
/* End PBXResourcesBuildPhase section */

/* Begin PBXShellScriptBuildPhase section */
		315D205E1CAFC7D300F7A4F8 /* Swiftlint */ = {
			isa = PBXShellScriptBuildPhase;
			buildActionMask = 2147483647;
			files = (
			);
			inputPaths = (
			);
			name = Swiftlint;
			outputPaths = (
			);
			runOnlyForDeploymentPostprocessing = 0;
			shellPath = /bin/sh;
			shellScript = "if which swiftlint >/dev/null; then\nswiftlint\nelse\necho \"warning: SwiftLint not installed, download from https://github.com/realm/SwiftLint\"\nfi";
		};
		315D20631CAFF52600F7A4F8 /* Run Script */ = {
			isa = PBXShellScriptBuildPhase;
			buildActionMask = 2147483647;
			files = (
			);
			inputPaths = (
			);
			name = "Run Script";
			outputPaths = (
			);
			runOnlyForDeploymentPostprocessing = 0;
			shellPath = /bin/sh;
			shellScript = "# Enviroment variables\nFRAMEWORK_NAME=\"${PROJECT_NAME}\"\nSIMULATOR_LIB_PATH=\"${BUILD_DIR}/${CONFIGURATION}-iphonesimulator/${FRAMEWORK_NAME}.framework\"\nDEVICE_LIB_PATH=\"${BUILD_DIR}/${CONFIGURATION}-iphoneos/${FRAMEWORK_NAME}.framework\"\nUNIVERSAL_LIB_DIR=\"${BUILD_DIR}/${CONFIGURATION}-iphoneuniversal\"\nFRAMEWORK=\"${UNIVERSAL_LIB_DIR}/${FRAMEWORK_NAME}.framework\"\n\n# Build iphonesimulator\n# ${CORRESPONDING_SIMULATOR_SDK_NAME}\nxcodebuild clean build -project ${PROJECT_NAME}.xcodeproj \\\n-scheme ${PROJECT_NAME} \\\n-sdk iphonesimulator \\\n-configuration ${CONFIGURATION} \\\nCODE_SIGNING_REQUIRED=NO \\\nONLY_ACTIVE_ARCH=NO \\\nARCHS=\"i386 x86_64\" \\\nVALID_ARCHS=\"i386 x86_64\" \\\nEFFECTIVE_PLATFORM_NAME=\"-iphonesimulator\"\n\n# Build iphoneos\nxcodebuild -project ${PROJECT_NAME}.xcodeproj \\\n-scheme ${PROJECT_NAME} \\\n-sdk iphoneos \\\n-configuration ${CONFIGURATION} \\\nCODE_SIGNING_REQUIRED=NO \\\nclean build\n\n# Setup a directory for universal\nrm -rf \"${UNIVERSAL_LIB_DIR}\"\nmkdir -p \"${FRAMEWORK}\"\n\n# Copy a base library\ncp -r \"${DEVICE_LIB_PATH}/.\" \"${FRAMEWORK}\"\n\n# Make an universal library\nlipo \"${SIMULATOR_LIB_PATH}/${FRAMEWORK_NAME}\" \\\n\"${DEVICE_LIB_PATH}/${FRAMEWORK_NAME}\" \\\n-create -output \"${FRAMEWORK}/${FRAMEWORK_NAME}\"\n\n# For Swift framework, Swiftmodule needs to be copied in the universal framework\nif [ -d \"${SIMULATOR_LIB_PATH}/Modules/${FRAMEWORK_NAME}.swiftmodule/\" ]; then\ncp -f ${SIMULATOR_LIB_PATH}/Modules/${FRAMEWORK_NAME}.swiftmodule/* \"${FRAMEWORK}/Modules/${FRAMEWORK_NAME}.swiftmodule/\" | echo\nfi\n\nif [ -d \"${DEVICE_LIB_PATH}/Modules/${FRAMEWORK_NAME}.swiftmodule/\" ]; then\ncp -f ${DEVICE_LIB_PATH}/Modules/${FRAMEWORK_NAME}.swiftmodule/* \"${FRAMEWORK}/Modules/${FRAMEWORK_NAME}.swiftmodule/\" | echo\nfi\n\nOUTPUT_DIR=\"${PROJECT_DIR}/Examples/SignUp/Frameworks\"\nrm -rf \"${OUTPUT_DIR}/${FRAMEWORK}\"\ncp -r \"${FRAMEWORK}\" \"${OUTPUT_DIR}\"\n";
		};
/* End PBXShellScriptBuildPhase section */

/* Begin PBXSourcesBuildPhase section */
		3122995D1CAD223800C40385 /* Sources */ = {
			isa = PBXSourcesBuildPhase;
			buildActionMask = 2147483647;
			files = (
				312299801CAD297900C40385 /* Validator.swift in Sources */,
				3122997D1CAD265F00C40385 /* UITextField.swift in Sources */,
				312299861CAD2A4500C40385 /* Alert.swift in Sources */,
				312299831CAD2A0300C40385 /* Form.swift in Sources */,
			);
			runOnlyForDeploymentPostprocessing = 0;
		};
		312299681CAD223800C40385 /* Sources */ = {
			isa = PBXSourcesBuildPhase;
			buildActionMask = 2147483647;
			files = (
				3122998A1CAD32A400C40385 /* ValidatorTests.swift in Sources */,
				312299721CAD223800C40385 /* FormValidationTests.swift in Sources */,
			);
			runOnlyForDeploymentPostprocessing = 0;
		};
/* End PBXSourcesBuildPhase section */

/* Begin PBXTargetDependency section */
		3122996F1CAD223800C40385 /* PBXTargetDependency */ = {
			isa = PBXTargetDependency;
			target = 312299611CAD223800C40385 /* FormValidation */;
			targetProxy = 3122996E1CAD223800C40385 /* PBXContainerItemProxy */;
		};
/* End PBXTargetDependency section */

/* Begin XCBuildConfiguration section */
		312299741CAD223800C40385 /* Debug */ = {
			isa = XCBuildConfiguration;
			buildSettings = {
				ALWAYS_SEARCH_USER_PATHS = NO;
				CLANG_CXX_LANGUAGE_STANDARD = "gnu++0x";
				CLANG_CXX_LIBRARY = "libc++";
				CLANG_ENABLE_MODULES = YES;
				CLANG_ENABLE_OBJC_ARC = YES;
				CLANG_WARN_BOOL_CONVERSION = YES;
				CLANG_WARN_CONSTANT_CONVERSION = YES;
				CLANG_WARN_DIRECT_OBJC_ISA_USAGE = YES_ERROR;
				CLANG_WARN_EMPTY_BODY = YES;
				CLANG_WARN_ENUM_CONVERSION = YES;
				CLANG_WARN_INT_CONVERSION = YES;
				CLANG_WARN_OBJC_ROOT_CLASS = YES_ERROR;
				CLANG_WARN_UNREACHABLE_CODE = YES;
				CLANG_WARN__DUPLICATE_METHOD_MATCH = YES;
				"CODE_SIGN_IDENTITY[sdk=iphoneos*]" = "iPhone Developer";
				COPY_PHASE_STRIP = NO;
				CURRENT_PROJECT_VERSION = 1;
				DEBUG_INFORMATION_FORMAT = dwarf;
				ENABLE_STRICT_OBJC_MSGSEND = YES;
				ENABLE_TESTABILITY = YES;
				GCC_C_LANGUAGE_STANDARD = gnu99;
				GCC_DYNAMIC_NO_PIC = NO;
				GCC_NO_COMMON_BLOCKS = YES;
				GCC_OPTIMIZATION_LEVEL = 0;
				GCC_PREPROCESSOR_DEFINITIONS = (
					"DEBUG=1",
					"$(inherited)",
				);
				GCC_WARN_64_TO_32_BIT_CONVERSION = YES;
				GCC_WARN_ABOUT_RETURN_TYPE = YES_ERROR;
				GCC_WARN_UNDECLARED_SELECTOR = YES;
				GCC_WARN_UNINITIALIZED_AUTOS = YES_AGGRESSIVE;
				GCC_WARN_UNUSED_FUNCTION = YES;
				GCC_WARN_UNUSED_VARIABLE = YES;
				IPHONEOS_DEPLOYMENT_TARGET = 9.2;
				MTL_ENABLE_DEBUG_INFO = YES;
				ONLY_ACTIVE_ARCH = YES;
				SDKROOT = iphoneos;
				SWIFT_OPTIMIZATION_LEVEL = "-Onone";
				TARGETED_DEVICE_FAMILY = "1,2";
				VERSIONING_SYSTEM = "apple-generic";
				VERSION_INFO_PREFIX = "";
			};
			name = Debug;
		};
		312299751CAD223800C40385 /* Release */ = {
			isa = XCBuildConfiguration;
			buildSettings = {
				ALWAYS_SEARCH_USER_PATHS = NO;
				CLANG_CXX_LANGUAGE_STANDARD = "gnu++0x";
				CLANG_CXX_LIBRARY = "libc++";
				CLANG_ENABLE_MODULES = YES;
				CLANG_ENABLE_OBJC_ARC = YES;
				CLANG_WARN_BOOL_CONVERSION = YES;
				CLANG_WARN_CONSTANT_CONVERSION = YES;
				CLANG_WARN_DIRECT_OBJC_ISA_USAGE = YES_ERROR;
				CLANG_WARN_EMPTY_BODY = YES;
				CLANG_WARN_ENUM_CONVERSION = YES;
				CLANG_WARN_INT_CONVERSION = YES;
				CLANG_WARN_OBJC_ROOT_CLASS = YES_ERROR;
				CLANG_WARN_UNREACHABLE_CODE = YES;
				CLANG_WARN__DUPLICATE_METHOD_MATCH = YES;
				"CODE_SIGN_IDENTITY[sdk=iphoneos*]" = "iPhone Developer";
				COPY_PHASE_STRIP = NO;
				CURRENT_PROJECT_VERSION = 1;
				DEBUG_INFORMATION_FORMAT = "dwarf-with-dsym";
				ENABLE_NS_ASSERTIONS = NO;
				ENABLE_STRICT_OBJC_MSGSEND = YES;
				GCC_C_LANGUAGE_STANDARD = gnu99;
				GCC_NO_COMMON_BLOCKS = YES;
				GCC_WARN_64_TO_32_BIT_CONVERSION = YES;
				GCC_WARN_ABOUT_RETURN_TYPE = YES_ERROR;
				GCC_WARN_UNDECLARED_SELECTOR = YES;
				GCC_WARN_UNINITIALIZED_AUTOS = YES_AGGRESSIVE;
				GCC_WARN_UNUSED_FUNCTION = YES;
				GCC_WARN_UNUSED_VARIABLE = YES;
				IPHONEOS_DEPLOYMENT_TARGET = 9.2;
				MTL_ENABLE_DEBUG_INFO = NO;
				SDKROOT = iphoneos;
				TARGETED_DEVICE_FAMILY = "1,2";
				VALIDATE_PRODUCT = YES;
				VERSIONING_SYSTEM = "apple-generic";
				VERSION_INFO_PREFIX = "";
			};
			name = Release;
		};
		312299771CAD223800C40385 /* Debug */ = {
			isa = XCBuildConfiguration;
			buildSettings = {
				CLANG_ENABLE_MODULES = YES;
				DEFINES_MODULE = YES;
				DYLIB_COMPATIBILITY_VERSION = 1;
				DYLIB_CURRENT_VERSION = 1;
				DYLIB_INSTALL_NAME_BASE = "@rpath";
				ENABLE_BITCODE = YES;
				INFOPLIST_FILE = FormValidation/Info.plist;
				INSTALL_PATH = "$(LOCAL_LIBRARY_DIR)/Frameworks";
				IPHONEOS_DEPLOYMENT_TARGET = 8.0;
				LD_RUNPATH_SEARCH_PATHS = "$(inherited) @executable_path/Frameworks @loader_path/Frameworks";
				OTHER_LDFLAGS = "";
				PRODUCT_BUNDLE_IDENTIFIER = io.github.mani3.FormValidation;
				PRODUCT_NAME = "$(TARGET_NAME)";
				SKIP_INSTALL = YES;
				SWIFT_OPTIMIZATION_LEVEL = "-Onone";
			};
			name = Debug;
		};
		312299781CAD223800C40385 /* Release */ = {
			isa = XCBuildConfiguration;
			buildSettings = {
				CLANG_ENABLE_MODULES = YES;
				DEFINES_MODULE = YES;
				DYLIB_COMPATIBILITY_VERSION = 1;
				DYLIB_CURRENT_VERSION = 1;
				DYLIB_INSTALL_NAME_BASE = "@rpath";
				ENABLE_BITCODE = YES;
				INFOPLIST_FILE = FormValidation/Info.plist;
				INSTALL_PATH = "$(LOCAL_LIBRARY_DIR)/Frameworks";
				IPHONEOS_DEPLOYMENT_TARGET = 8.0;
				LD_RUNPATH_SEARCH_PATHS = "$(inherited) @executable_path/Frameworks @loader_path/Frameworks";
				OTHER_LDFLAGS = "";
				PRODUCT_BUNDLE_IDENTIFIER = io.github.mani3.FormValidation;
				PRODUCT_NAME = "$(TARGET_NAME)";
				SKIP_INSTALL = YES;
			};
			name = Release;
		};
		3122997A1CAD223800C40385 /* Debug */ = {
			isa = XCBuildConfiguration;
			buildSettings = {
				INFOPLIST_FILE = FormValidationTests/Info.plist;
				LD_RUNPATH_SEARCH_PATHS = "$(inherited) @executable_path/Frameworks @loader_path/Frameworks";
				PRODUCT_BUNDLE_IDENTIFIER = io.github.mani3.FormValidationTests;
				PRODUCT_NAME = "$(TARGET_NAME)";
			};
			name = Debug;
		};
		3122997B1CAD223800C40385 /* Release */ = {
			isa = XCBuildConfiguration;
			buildSettings = {
				INFOPLIST_FILE = FormValidationTests/Info.plist;
				LD_RUNPATH_SEARCH_PATHS = "$(inherited) @executable_path/Frameworks @loader_path/Frameworks";
				PRODUCT_BUNDLE_IDENTIFIER = io.github.mani3.FormValidationTests;
				PRODUCT_NAME = "$(TARGET_NAME)";
			};
			name = Release;
		};
		315D20611CAFF51D00F7A4F8 /* Debug */ = {
			isa = XCBuildConfiguration;
			buildSettings = {
				EMBEDDED_CONTENT_CONTAINS_SWIFT = NO;
				ENABLE_BITCODE = YES;
				ONLY_ACTIVE_ARCH = YES;
				PRODUCT_NAME = "$(TARGET_NAME)";
			};
			name = Debug;
		};
		315D20621CAFF51D00F7A4F8 /* Release */ = {
			isa = XCBuildConfiguration;
			buildSettings = {
				EMBEDDED_CONTENT_CONTAINS_SWIFT = NO;
				ENABLE_BITCODE = YES;
				PRODUCT_NAME = "$(TARGET_NAME)";
			};
			name = Release;
		};
/* End XCBuildConfiguration section */

/* Begin XCConfigurationList section */
		3122995C1CAD223800C40385 /* Build configuration list for PBXProject "FormValidation" */ = {
			isa = XCConfigurationList;
			buildConfigurations = (
				312299741CAD223800C40385 /* Debug */,
				312299751CAD223800C40385 /* Release */,
			);
			defaultConfigurationIsVisible = 0;
			defaultConfigurationName = Release;
		};
		312299761CAD223800C40385 /* Build configuration list for PBXNativeTarget "FormValidation" */ = {
			isa = XCConfigurationList;
			buildConfigurations = (
				312299771CAD223800C40385 /* Debug */,
				312299781CAD223800C40385 /* Release */,
			);
			defaultConfigurationIsVisible = 0;
			defaultConfigurationName = Release;
		};
		312299791CAD223800C40385 /* Build configuration list for PBXNativeTarget "FormValidationTests" */ = {
			isa = XCConfigurationList;
			buildConfigurations = (
				3122997A1CAD223800C40385 /* Debug */,
				3122997B1CAD223800C40385 /* Release */,
			);
			defaultConfigurationIsVisible = 0;
			defaultConfigurationName = Release;
		};
		315D20601CAFF51D00F7A4F8 /* Build configuration list for PBXAggregateTarget "FormValidationUniversal" */ = {
			isa = XCConfigurationList;
			buildConfigurations = (
				315D20611CAFF51D00F7A4F8 /* Debug */,
				315D20621CAFF51D00F7A4F8 /* Release */,
			);
			defaultConfigurationIsVisible = 0;
			defaultConfigurationName = Release;
		};
/* End XCConfigurationList section */
	};
	rootObject = 312299591CAD223800C40385 /* Project object */;
}
